# Заглушки-иконки на существующих текстурах — пользователь ещё не нарисовал свои
# (block.rsi для мир-спейс щита, alert-иконки под наказание/КД/огнестрел-лок).
# TODO: заменить на честные иконки, см. C:\Users\BebraYep\.claude\plans\moonlit-percolating-kitten.md

- type: alert
  id: DutyBlockPunishStun
  icons:
  - sprite: /Textures/Objects/Weapons/Melee/stunbaton.rsi
    state: stunbaton_off
  name: duty-block-alert-punish-stun-name
  description: duty-block-alert-punish-stun-desc

- type: alert
  id: DutyBlockCooldown
  icons:
  - sprite: /Textures/Interface/Alerts/stunnable.rsi
    state: knocked-down
  name: duty-block-alert-cooldown-name
  description: duty-block-alert-cooldown-desc

- type: alert
  id: DutyBlockGunLock
  icons:
  - sprite: /Textures/Interface/Alerts/stunnable.rsi
    state: knocked-down
  name: duty-block-alert-gun-lock-name
  description: duty-block-alert-gun-lock-desc
